
Microsoft Visual Studio Solution File, Format Version 12.00
# Visual Studio Version 16
VisualStudioVersion = 16.0.810.18
MinimumVisualStudioVersion = 10.0.40219.1
Project("{FAE04EC0-301F-11D3-BF4B-00C04F79EFBC}") = "CalPoints", "CalPoints\CalPoints.csproj", "{A6B5DF56-729E-4779-932A-B57FD0E11A49}"
EndProject
Global
	GlobalSection(SolutionConfigurationPlatforms) = preSolution
		Debug|anycpu = Debug|anycpu
		Release|anycpu = Release|anycpu
	EndGlobalSection
	GlobalSection(ProjectConfigurationPlatforms) = postSolution
		{A6B5DF56-729E-4779-932A-B57FD0E11A49}.Debug|anycpu.ActiveCfg = Debug|anycpu
		{A6B5DF56-729E-4779-932A-B57FD0E11A49}.Debug|anycpu.Build.0 = Debug|anycpu
		{A6B5DF56-729E-4779-932A-B57FD0E11A49}.Release|anycpu.ActiveCfg = Release|anycpu
		{A6B5DF56-729E-4779-932A-B57FD0E11A49}.Release|anycpu.Build.0 = Release|anycpu
	EndGlobalSection
	GlobalSection(SolutionProperties) = preSolution
		HideSolutionNode = FALSE
	EndGlobalSection
	GlobalSection(ExtensibilityGlobals) = postSolution
		SolutionGuid = {5E21A39B-F4EE-40AE-916F-E45715F79EC5}
	EndGlobalSection
EndGlobal
